// !$*UTF8*$!
{
	archiveVersion = 1;
	classes = {
	};
	objectVersion = 56;
	objects = {

/* Begin PBXBuildFile section */
		E91248562C95D1BB00C6AFE6 /* SwiftFlags in Frameworks */ = {isa = PBXBuildFile; productRef = E91248552C95D1BB00C6AFE6 /* SwiftFlags */; };
		E92745202C938C5200417B04 /* Facility.swift in Sources */ = {isa = PBXBuildFile; fileRef = E927451F2C938C5200417B04 /* Facility.swift */; };
		E92745222C938FEA00417B04 /* Favorites.swift in Sources */ = {isa = PBXBuildFile; fileRef = E92745212C938FEA00417B04 /* Favorites.swift */; };
		E93F16F42C8F1C5E00B9ABCB /* SnowSeekerApp.swift in Sources */ = {isa = PBXBuildFile; fileRef = E93F16F32C8F1C5E00B9ABCB /* SnowSeekerApp.swift */; };
		E93F16F62C8F1C5E00B9ABCB /* ContentView.swift in Sources */ = {isa = PBXBuildFile; fileRef = E93F16F52C8F1C5E00B9ABCB /* ContentView.swift */; };
		E93F16F82C8F1C5F00B9ABCB /* Assets.xcassets in Resources */ = {isa = PBXBuildFile; fileRef = E93F16F72C8F1C5F00B9ABCB /* Assets.xcassets */; };
		E93F16FB2C8F1C5F00B9ABCB /* Preview Assets.xcassets in Resources */ = {isa = PBXBuildFile; fileRef = E93F16FA2C8F1C5F00B9ABCB /* Preview Assets.xcassets */; };
		E93F17022C8F229500B9ABCB /* resorts.json in Resources */ = {isa = PBXBuildFile; fileRef = E93F17012C8F229500B9ABCB /* resorts.json */; };
		E93F17042C8F240600B9ABCB /* Resorts.swift in Sources */ = {isa = PBXBuildFile; fileRef = E93F17032C8F240600B9ABCB /* Resorts.swift */; };
		E93F17062C8F248100B9ABCB /* Bundle-Decodable.swift in Sources */ = {isa = PBXBuildFile; fileRef = E93F17052C8F248100B9ABCB /* Bundle-Decodable.swift */; };
		E93F17082C8F2D2B00B9ABCB /* WelcomeView.swift in Sources */ = {isa = PBXBuildFile; fileRef = E93F17072C8F2D2B00B9ABCB /* WelcomeView.swift */; };
		E93F170A2C8F2D9800B9ABCB /* ResortView.swift in Sources */ = {isa = PBXBuildFile; fileRef = E93F17092C8F2D9800B9ABCB /* ResortView.swift */; };
		E93F170C2C8F2EA600B9ABCB /* SkiDetailView.swift in Sources */ = {isa = PBXBuildFile; fileRef = E93F170B2C8F2EA600B9ABCB /* SkiDetailView.swift */; };
		E93F170E2C8F2F2A00B9ABCB /* ResortDetailsView.swift in Sources */ = {isa = PBXBuildFile; fileRef = E93F170D2C8F2F2A00B9ABCB /* ResortDetailsView.swift */; };
/* End PBXBuildFile section */

/* Begin PBXFileReference section */
		E927451F2C938C5200417B04 /* Facility.swift */ = {isa = PBXFileReference; lastKnownFileType = sourcecode.swift; path = Facility.swift; sourceTree = "<group>"; };
		E92745212C938FEA00417B04 /* Favorites.swift */ = {isa = PBXFileReference; lastKnownFileType = sourcecode.swift; path = Favorites.swift; sourceTree = "<group>"; };
		E93F16F02C8F1C5E00B9ABCB /* SnowSeeker.app */ = {isa = PBXFileReference; explicitFileType = wrapper.application; includeInIndex = 0; path = SnowSeeker.app; sourceTree = BUILT_PRODUCTS_DIR; };
		E93F16F32C8F1C5E00B9ABCB /* SnowSeekerApp.swift */ = {isa = PBXFileReference; lastKnownFileType = sourcecode.swift; path = SnowSeekerApp.swift; sourceTree = "<group>"; };
		E93F16F52C8F1C5E00B9ABCB /* ContentView.swift */ = {isa = PBXFileReference; lastKnownFileType = sourcecode.swift; path = ContentView.swift; sourceTree = "<group>"; };
		E93F16F72C8F1C5F00B9ABCB /* Assets.xcassets */ = {isa = PBXFileReference; lastKnownFileType = folder.assetcatalog; path = Assets.xcassets; sourceTree = "<group>"; };
		E93F16FA2C8F1C5F00B9ABCB /* Preview Assets.xcassets */ = {isa = PBXFileReference; lastKnownFileType = folder.assetcatalog; path = "Preview Assets.xcassets"; sourceTree = "<group>"; };
		E93F17012C8F229500B9ABCB /* resorts.json */ = {isa = PBXFileReference; fileEncoding = 4; lastKnownFileType = text.json; path = resorts.json; sourceTree = "<group>"; };
		E93F17032C8F240600B9ABCB /* Resorts.swift */ = {isa = PBXFileReference; lastKnownFileType = sourcecode.swift; path = Resorts.swift; sourceTree = "<group>"; };
		E93F17052C8F248100B9ABCB /* Bundle-Decodable.swift */ = {isa = PBXFileReference; lastKnownFileType = sourcecode.swift; path = "Bundle-Decodable.swift"; sourceTree = "<group>"; };
		E93F17072C8F2D2B00B9ABCB /* WelcomeView.swift */ = {isa = PBXFileReference; lastKnownFileType = sourcecode.swift; path = WelcomeView.swift; sourceTree = "<group>"; };
		E93F17092C8F2D9800B9ABCB /* ResortView.swift */ = {isa = PBXFileReference; lastKnownFileType = sourcecode.swift; path = ResortView.swift; sourceTree = "<group>"; };
		E93F170B2C8F2EA600B9ABCB /* SkiDetailView.swift */ = {isa = PBXFileReference; lastKnownFileType = sourcecode.swift; path = SkiDetailView.swift; sourceTree = "<group>"; };
		E93F170D2C8F2F2A00B9ABCB /* ResortDetailsView.swift */ = {isa = PBXFileReference; lastKnownFileType = sourcecode.swift; path = ResortDetailsView.swift; sourceTree = "<group>"; };
/* End PBXFileReference section */

/* Begin PBXFrameworksBuildPhase section */
		E93F16ED2C8F1C5E00B9ABCB /* Frameworks */ = {
			isa = PBXFrameworksBuildPhase;
			buildActionMask = 2147483647;
			files = (
				E91248562C95D1BB00C6AFE6 /* SwiftFlags in Frameworks */,
			);
			runOnlyForDeploymentPostprocessing = 0;
		};
/* End PBXFrameworksBuildPhase section */

/* Begin PBXGroup section */
		E93F16E72C8F1C5D00B9ABCB = {
			isa = PBXGroup;
			children = (
				E93F16F22C8F1C5E00B9ABCB /* SnowSeeker */,
				E93F16F12C8F1C5E00B9ABCB /* Products */,
			);
			sourceTree = "<group>";
		};
		E93F16F12C8F1C5E00B9ABCB /* Products */ = {
			isa = PBXGroup;
			children = (
				E93F16F02C8F1C5E00B9ABCB /* SnowSeeker.app */,
			);
			name = Products;
			sourceTree = "<group>";
		};
		E93F16F22C8F1C5E00B9ABCB /* SnowSeeker */ = {
			isa = PBXGroup;
			children = (
				E93F17092C8F2D9800B9ABCB /* ResortView.swift */,
				E92745212C938FEA00417B04 /* Favorites.swift */,
				E927451F2C938C5200417B04 /* Facility.swift */,
				E93F17052C8F248100B9ABCB /* Bundle-Decodable.swift */,
				E93F17032C8F240600B9ABCB /* Resorts.swift */,
				E93F16F32C8F1C5E00B9ABCB /* SnowSeekerApp.swift */,
				E93F16F52C8F1C5E00B9ABCB /* ContentView.swift */,
				E93F17072C8F2D2B00B9ABCB /* WelcomeView.swift */,
				E93F170B2C8F2EA600B9ABCB /* SkiDetailView.swift */,
				E93F170D2C8F2F2A00B9ABCB /* ResortDetailsView.swift */,
				E93F17012C8F229500B9ABCB /* resorts.json */,
				E93F16F72C8F1C5F00B9ABCB /* Assets.xcassets */,
				E93F16F92C8F1C5F00B9ABCB /* Preview Content */,
			);
			path = SnowSeeker;
			sourceTree = "<group>";
		};
		E93F16F92C8F1C5F00B9ABCB /* Preview Content */ = {
			isa = PBXGroup;
			children = (
				E93F16FA2C8F1C5F00B9ABCB /* Preview Assets.xcassets */,
			);
			path = "Preview Content";
			sourceTree = "<group>";
		};
/* End PBXGroup section */

/* Begin PBXNativeTarget section */
		E93F16EF2C8F1C5E00B9ABCB /* SnowSeeker */ = {
			isa = PBXNativeTarget;
			buildConfigurationList = E93F16FE2C8F1C5F00B9ABCB /* Build configuration list for PBXNativeTarget "SnowSeeker" */;
			buildPhases = (
				E93F16EC2C8F1C5E00B9ABCB /* Sources */,
				E93F16ED2C8F1C5E00B9ABCB /* Frameworks */,
				E93F16EE2C8F1C5E00B9ABCB /* Resources */,
			);
			buildRules = (
			);
			dependencies = (
			);
			name = SnowSeeker;
			packageProductDependencies = (
				E91248552C95D1BB00C6AFE6 /* SwiftFlags */,
			);
			productName = SnowSeeker;
			productReference = E93F16F02C8F1C5E00B9ABCB /* SnowSeeker.app */;
			productType = "com.apple.product-type.application";
		};
/* End PBXNativeTarget section */

/* Begin PBXProject section */
		E93F16E82C8F1C5D00B9ABCB /* Project object */ = {
			isa = PBXProject;
			attributes = {
				BuildIndependentTargetsInParallel = 1;
				LastSwiftUpdateCheck = 1540;
				LastUpgradeCheck = 1540;
				TargetAttributes = {
					E93F16EF2C8F1C5E00B9ABCB = {
						CreatedOnToolsVersion = 15.4;
					};
				};
			};
			buildConfigurationList = E93F16EB2C8F1C5D00B9ABCB /* Build configuration list for PBXProject "SnowSeeker" */;
			compatibilityVersion = "Xcode 14.0";
			developmentRegion = en;
			hasScannedForEncodings = 0;
			knownRegions = (
				en,
				Base,
			);
			mainGroup = E93F16E72C8F1C5D00B9ABCB;
			packageReferences = (
				E91248542C95D1BB00C6AFE6 /* XCRemoteSwiftPackageReference "SwiftFlags" */,
			);
			productRefGroup = E93F16F12C8F1C5E00B9ABCB /* Products */;
			projectDirPath = "";
			projectRoot = "";
			targets = (
				E93F16EF2C8F1C5E00B9ABCB /* SnowSeeker */,
			);
		};
/* End PBXProject section */

/* Begin PBXResourcesBuildPhase section */
		E93F16EE2C8F1C5E00B9ABCB /* Resources */ = {
			isa = PBXResourcesBuildPhase;
			buildActionMask = 2147483647;
			files = (
				E93F17022C8F229500B9ABCB /* resorts.json in Resources */,
				E93F16FB2C8F1C5F00B9ABCB /* Preview Assets.xcassets in Resources */,
				E93F16F82C8F1C5F00B9ABCB /* Assets.xcassets in Resources */,
			);
			runOnlyForDeploymentPostprocessing = 0;
		};
/* End PBXResourcesBuildPhase section */

/* Begin PBXSourcesBuildPhase section */
		E93F16EC2C8F1C5E00B9ABCB /* Sources */ = {
			isa = PBXSourcesBuildPhase;
			buildActionMask = 2147483647;
			files = (
				E93F17082C8F2D2B00B9ABCB /* WelcomeView.swift in Sources */,
				E93F170C2C8F2EA600B9ABCB /* SkiDetailView.swift in Sources */,
				E93F170E2C8F2F2A00B9ABCB /* ResortDetailsView.swift in Sources */,
				E92745222C938FEA00417B04 /* Favorites.swift in Sources */,
				E92745202C938C5200417B04 /* Facility.swift in Sources */,
				E93F16F62C8F1C5E00B9ABCB /* ContentView.swift in Sources */,
				E93F16F42C8F1C5E00B9ABCB /* SnowSeekerApp.swift in Sources */,
				E93F170A2C8F2D9800B9ABCB /* ResortView.swift in Sources */,
				E93F17042C8F240600B9ABCB /* Resorts.swift in Sources */,
				E93F17062C8F248100B9ABCB /* Bundle-Decodable.swift in Sources */,
			);
			runOnlyForDeploymentPostprocessing = 0;
		};
/* End PBXSourcesBuildPhase section */

/* Begin XCBuildConfiguration section */
		E93F16FC2C8F1C5F00B9ABCB /* Debug */ = {
			isa = XCBuildConfiguration;
			buildSettings = {
				ALWAYS_SEARCH_USER_PATHS = NO;
				ASSETCATALOG_COMPILER_GENERATE_SWIFT_ASSET_SYMBOL_EXTENSIONS = YES;
				CLANG_ANALYZER_NONNULL = YES;
				CLANG_ANALYZER_NUMBER_OBJECT_CONVERSION = YES_AGGRESSIVE;
				CLANG_CXX_LANGUAGE_STANDARD = "gnu++20";
				CLANG_ENABLE_MODULES = YES;
				CLANG_ENABLE_OBJC_ARC = YES;
				CLANG_ENABLE_OBJC_WEAK = YES;
				CLANG_WARN_BLOCK_CAPTURE_AUTORELEASING = YES;
				CLANG_WARN_BOOL_CONVERSION = YES;
				CLANG_WARN_COMMA = YES;
				CLANG_WARN_CONSTANT_CONVERSION = YES;
				CLANG_WARN_DEPRECATED_OBJC_IMPLEMENTATIONS = YES;
				CLANG_WARN_DIRECT_OBJC_ISA_USAGE = YES_ERROR;
				CLANG_WARN_DOCUMENTATION_COMMENTS = YES;
				CLANG_WARN_EMPTY_BODY = YES;
				CLANG_WARN_ENUM_CONVERSION = YES;
				CLANG_WARN_INFINITE_RECURSION = YES;
				CLANG_WARN_INT_CONVERSION = YES;
				CLANG_WARN_NON_LITERAL_NULL_CONVERSION = YES;
				CLANG_WARN_OBJC_IMPLICIT_RETAIN_SELF = YES;
				CLANG_WARN_OBJC_LITERAL_CONVERSION = YES;
				CLANG_WARN_OBJC_ROOT_CLASS = YES_ERROR;
				CLANG_WARN_QUOTED_INCLUDE_IN_FRAMEWORK_HEADER = YES;
				CLANG_WARN_RANGE_LOOP_ANALYSIS = YES;
				CLANG_WARN_STRICT_PROTOTYPES = YES;
				CLANG_WARN_SUSPICIOUS_MOVE = YES;
				CLANG_WARN_UNGUARDED_AVAILABILITY = YES_AGGRESSIVE;
				CLANG_WARN_UNREACHABLE_CODE = YES;
				CLANG_WARN__DUPLICATE_METHOD_MATCH = YES;
				COPY_PHASE_STRIP = NO;
				DEBUG_INFORMATION_FORMAT = dwarf;
				ENABLE_STRICT_OBJC_MSGSEND = YES;
				ENABLE_TESTABILITY = YES;
				ENABLE_USER_SCRIPT_SANDBOXING = YES;
				GCC_C_LANGUAGE_STANDARD = gnu17;
				GCC_DYNAMIC_NO_PIC = NO;
				GCC_NO_COMMON_BLOCKS = YES;
				GCC_OPTIMIZATION_LEVEL = 0;
				GCC_PREPROCESSOR_DEFINITIONS = (
					"DEBUG=1",
					"$(inherited)",
				);
				GCC_WARN_64_TO_32_BIT_CONVERSION = YES;
				GCC_WARN_ABOUT_RETURN_TYPE = YES_ERROR;
				GCC_WARN_UNDECLARED_SELECTOR = YES;
				GCC_WARN_UNINITIALIZED_AUTOS = YES_AGGRESSIVE;
				GCC_WARN_UNUSED_FUNCTION = YES;
				GCC_WARN_UNUSED_VARIABLE = YES;
				IPHONEOS_DEPLOYMENT_TARGET = 17.5;
				LOCALIZATION_PREFERS_STRING_CATALOGS = YES;
				MTL_ENABLE_DEBUG_INFO = INCLUDE_SOURCE;
				MTL_FAST_MATH = YES;
				ONLY_ACTIVE_ARCH = YES;
				SDKROOT = iphoneos;
				SWIFT_ACTIVE_COMPILATION_CONDITIONS = "DEBUG $(inherited)";
				SWIFT_OPTIMIZATION_LEVEL = "-Onone";
			};
			name = Debug;
		};
		E93F16FD2C8F1C5F00B9ABCB /* Release */ = {
			isa = XCBuildConfiguration;
			buildSettings = {
				ALWAYS_SEARCH_USER_PATHS = NO;
				ASSETCATALOG_COMPILER_GENERATE_SWIFT_ASSET_SYMBOL_EXTENSIONS = YES;
				CLANG_ANALYZER_NONNULL = YES;
				CLANG_ANALYZER_NUMBER_OBJECT_CONVERSION = YES_AGGRESSIVE;
				CLANG_CXX_LANGUAGE_STANDARD = "gnu++20";
				CLANG_ENABLE_MODULES = YES;
				CLANG_ENABLE_OBJC_ARC = YES;
				CLANG_ENABLE_OBJC_WEAK = YES;
				CLANG_WARN_BLOCK_CAPTURE_AUTORELEASING = YES;
				CLANG_WARN_BOOL_CONVERSION = YES;
				CLANG_WARN_COMMA = YES;
				CLANG_WARN_CONSTANT_CONVERSION = YES;
				CLANG_WARN_DEPRECATED_OBJC_IMPLEMENTATIONS = YES;
				CLANG_WARN_DIRECT_OBJC_ISA_USAGE = YES_ERROR;
				CLANG_WARN_DOCUMENTATION_COMMENTS = YES;
				CLANG_WARN_EMPTY_BODY = YES;
				CLANG_WARN_ENUM_CONVERSION = YES;
				CLANG_WARN_INFINITE_RECURSION = YES;
				CLANG_WARN_INT_CONVERSION = YES;
				CLANG_WARN_NON_LITERAL_NULL_CONVERSION = YES;
				CLANG_WARN_OBJC_IMPLICIT_RETAIN_SELF = YES;
				CLANG_WARN_OBJC_LITERAL_CONVERSION = YES;
				CLANG_WARN_OBJC_ROOT_CLASS = YES_ERROR;
				CLANG_WARN_QUOTED_INCLUDE_IN_FRAMEWORK_HEADER = YES;
				CLANG_WARN_RANGE_LOOP_ANALYSIS = YES;
				CLANG_WARN_STRICT_PROTOTYPES = YES;
				CLANG_WARN_SUSPICIOUS_MOVE = YES;
				CLANG_WARN_UNGUARDED_AVAILABILITY = YES_AGGRESSIVE;
				CLANG_WARN_UNREACHABLE_CODE = YES;
				CLANG_WARN__DUPLICATE_METHOD_MATCH = YES;
				COPY_PHASE_STRIP = NO;
				DEBUG_INFORMATION_FORMAT = "dwarf-with-dsym";
				ENABLE_NS_ASSERTIONS = NO;
				ENABLE_STRICT_OBJC_MSGSEND = YES;
				ENABLE_USER_SCRIPT_SANDBOXING = YES;
				GCC_C_LANGUAGE_STANDARD = gnu17;
				GCC_NO_COMMON_BLOCKS = YES;
				GCC_WARN_64_TO_32_BIT_CONVERSION = YES;
				GCC_WARN_ABOUT_RETURN_TYPE = YES_ERROR;
				GCC_WARN_UNDECLARED_SELECTOR = YES;
				GCC_WARN_UNINITIALIZED_AUTOS = YES_AGGRESSIVE;
				GCC_WARN_UNUSED_FUNCTION = YES;
				GCC_WARN_UNUSED_VARIABLE = YES;
				IPHONEOS_DEPLOYMENT_TARGET = 17.5;
				LOCALIZATION_PREFERS_STRING_CATALOGS = YES;
				MTL_ENABLE_DEBUG_INFO = NO;
				MTL_FAST_MATH = YES;
				SDKROOT = iphoneos;
				SWIFT_COMPILATION_MODE = wholemodule;
				VALIDATE_PRODUCT = YES;
			};
			name = Release;
		};
		E93F16FF2C8F1C5F00B9ABCB /* Debug */ = {
			isa = XCBuildConfiguration;
			buildSettings = {
				ASSETCATALOG_COMPILER_APPICON_NAME = AppIcon;
				ASSETCATALOG_COMPILER_GLOBAL_ACCENT_COLOR_NAME = AccentColor;
				CODE_SIGN_STYLE = Automatic;
				CURRENT_PROJECT_VERSION = 1;
				DEVELOPMENT_ASSET_PATHS = "\"SnowSeeker/Preview Content\"";
				DEVELOPMENT_TEAM = XUYF93872P;
				ENABLE_PREVIEWS = YES;
				GENERATE_INFOPLIST_FILE = YES;
				INFOPLIST_KEY_UIApplicationSceneManifest_Generation = YES;
				INFOPLIST_KEY_UIApplicationSupportsIndirectInputEvents = YES;
				INFOPLIST_KEY_UILaunchScreen_Generation = YES;
				INFOPLIST_KEY_UISupportedInterfaceOrientations_iPad = "UIInterfaceOrientationPortrait UIInterfaceOrientationPortraitUpsideDown UIInterfaceOrientationLandscapeLeft UIInterfaceOrientationLandscapeRight";
				INFOPLIST_KEY_UISupportedInterfaceOrientations_iPhone = "UIInterfaceOrientationPortrait UIInterfaceOrientationLandscapeLeft UIInterfaceOrientationLandscapeRight";
				LD_RUNPATH_SEARCH_PATHS = (
					"$(inherited)",
					"@executable_path/Frameworks",
				);
				MARKETING_VERSION = 1.0;
				PRODUCT_BUNDLE_IDENTIFIER = com.makswinters.SnowSeeker;
				PRODUCT_NAME = "$(TARGET_NAME)";
				SWIFT_EMIT_LOC_STRINGS = YES;
				SWIFT_VERSION = 5.0;
				TARGETED_DEVICE_FAMILY = "1,2";
			};
			name = Debug;
		};
		E93F17002C8F1C5F00B9ABCB /* Release */ = {
			isa = XCBuildConfiguration;
			buildSettings = {
				ASSETCATALOG_COMPILER_APPICON_NAME = AppIcon;
				ASSETCATALOG_COMPILER_GLOBAL_ACCENT_COLOR_NAME = AccentColor;
				CODE_SIGN_STYLE = Automatic;
				CURRENT_PROJECT_VERSION = 1;
				DEVELOPMENT_ASSET_PATHS = "\"SnowSeeker/Preview Content\"";
				DEVELOPMENT_TEAM = XUYF93872P;
				ENABLE_PREVIEWS = YES;
				GENERATE_INFOPLIST_FILE = YES;
				INFOPLIST_KEY_UIApplicationSceneManifest_Generation = YES;
				INFOPLIST_KEY_UIApplicationSupportsIndirectInputEvents = YES;
				INFOPLIST_KEY_UILaunchScreen_Generation = YES;
				INFOPLIST_KEY_UISupportedInterfaceOrientations_iPad = "UIInterfaceOrientationPortrait UIInterfaceOrientationPortraitUpsideDown UIInterfaceOrientationLandscapeLeft UIInterfaceOrientationLandscapeRight";
				INFOPLIST_KEY_UISupportedInterfaceOrientations_iPhone = "UIInterfaceOrientationPortrait UIInterfaceOrientationLandscapeLeft UIInterfaceOrientationLandscapeRight";
				LD_RUNPATH_SEARCH_PATHS = (
					"$(inherited)",
					"@executable_path/Frameworks",
				);
				MARKETING_VERSION = 1.0;
				PRODUCT_BUNDLE_IDENTIFIER = com.makswinters.SnowSeeker;
				PRODUCT_NAME = "$(TARGET_NAME)";
				SWIFT_EMIT_LOC_STRINGS = YES;
				SWIFT_VERSION = 5.0;
				TARGETED_DEVICE_FAMILY = "1,2";
			};
			name = Release;
		};
/* End XCBuildConfiguration section */

/* Begin XCConfigurationList section */
		E93F16EB2C8F1C5D00B9ABCB /* Build configuration list for PBXProject "SnowSeeker" */ = {
			isa = XCConfigurationList;
			buildConfigurations = (
				E93F16FC2C8F1C5F00B9ABCB /* Debug */,
				E93F16FD2C8F1C5F00B9ABCB /* Release */,
			);
			defaultConfigurationIsVisible = 0;
			defaultConfigurationName = Release;
		};
		E93F16FE2C8F1C5F00B9ABCB /* Build configuration list for PBXNativeTarget "SnowSeeker" */ = {
			isa = XCConfigurationList;
			buildConfigurations = (
				E93F16FF2C8F1C5F00B9ABCB /* Debug */,
				E93F17002C8F1C5F00B9ABCB /* Release */,
			);
			defaultConfigurationIsVisible = 0;
			defaultConfigurationName = Release;
		};
/* End XCConfigurationList section */

/* Begin XCRemoteSwiftPackageReference section */
		E91248542C95D1BB00C6AFE6 /* XCRemoteSwiftPackageReference "SwiftFlags" */ = {
			isa = XCRemoteSwiftPackageReference;
			repositoryURL = "https://github.com/BubiDevs/SwiftFlags.git";
			requirement = {
				kind = upToNextMajorVersion;
				minimumVersion = 1.2.0;
			};
		};
/* End XCRemoteSwiftPackageReference section */

/* Begin XCSwiftPackageProductDependency section */
		E91248552C95D1BB00C6AFE6 /* SwiftFlags */ = {
			isa = XCSwiftPackageProductDependency;
			package = E91248542C95D1BB00C6AFE6 /* XCRemoteSwiftPackageReference "SwiftFlags" */;
			productName = SwiftFlags;
		};
/* End XCSwiftPackageProductDependency section */
	};
	rootObject = E93F16E82C8F1C5D00B9ABCB /* Project object */;
}
